lockfileVersion: '9.0'

settings:
  autoInstallPeers: true
  excludeLinksFromLockfile: false

importers:

  .:
    dependencies:
      ky:
        specifier: ^1.9.1
        version: 1.9.1
    devDependencies:
      '@biomejs/biome':
        specifier: ^2.2.2
        version: 2.2.2
      bunchee:
        specifier: ^6.6.0
        version: 6.6.0(typescript@5.9.2)
      typescript:
        specifier: ^5.9.2
        version: 5.9.2

packages:

  '@babel/code-frame@7.27.1':
    resolution: {integrity: sha512-cjQ7ZlQ0Mv3b47hABuTevyTuYN4i+loJKGeV9flcCgIK37cCXRh+L1bd3iBHlynerhQ7BhCkn2BPbQUL+rGqFg==}
    engines: {node: '>=6.9.0'}

  '@babel/helper-validator-identifier@7.27.1':
    resolution: {integrity: sha512-D2hP9eA+Sqx1kBZgzxZh0y1trbuU+JoDkiEwqhQ36nodYqJwyEIhPSdMNd7lOm/4io72luTPWH20Yda0xOuUow==}
    engines: {node: '>=6.9.0'}

  '@biomejs/biome@2.2.2':
    resolution: {integrity: sha512-j1omAiQWCkhuLgwpMKisNKnsM6W8Xtt1l0WZmqY/dFj8QPNkIoTvk4tSsi40FaAAkBE1PU0AFG2RWFBWenAn+w==}
    engines: {node: '>=14.21.3'}
    hasBin: true

  '@biomejs/cli-darwin-arm64@2.2.2':
    resolution: {integrity: sha512-6ePfbCeCPryWu0CXlzsWNZgVz/kBEvHiPyNpmViSt6A2eoDf4kXs3YnwQPzGjy8oBgQulrHcLnJL0nkCh80mlQ==}
    engines: {node: '>=14.21.3'}
    cpu: [arm64]
    os: [darwin]

  '@biomejs/cli-darwin-x64@2.2.2':
    resolution: {integrity: sha512-Tn4JmVO+rXsbRslml7FvKaNrlgUeJot++FkvYIhl1OkslVCofAtS35MPlBMhXgKWF9RNr9cwHanrPTUUXcYGag==}
    engines: {node: '>=14.21.3'}
    cpu: [x64]
    os: [darwin]

  '@biomejs/cli-linux-arm64-musl@2.2.2':
    resolution: {integrity: sha512-/MhYg+Bd6renn6i1ylGFL5snYUn/Ct7zoGVKhxnro3bwekiZYE8Kl39BSb0MeuqM+72sThkQv4TnNubU9njQRw==}
    engines: {node: '>=14.21.3'}
    cpu: [arm64]
    os: [linux]

  '@biomejs/cli-linux-arm64@2.2.2':
    resolution: {integrity: sha512-JfrK3gdmWWTh2J5tq/rcWCOsImVyzUnOS2fkjhiYKCQ+v8PqM+du5cfB7G1kXas+7KQeKSWALv18iQqdtIMvzw==}
    engines: {node: '>=14.21.3'}
    cpu: [arm64]
    os: [linux]

  '@biomejs/cli-linux-x64-musl@2.2.2':
    resolution: {integrity: sha512-ZCLXcZvjZKSiRY/cFANKg+z6Fhsf9MHOzj+NrDQcM+LbqYRT97LyCLWy2AS+W2vP+i89RyRM+kbGpUzbRTYWig==}
    engines: {node: '>=14.21.3'}
    cpu: [x64]
    os: [linux]

  '@biomejs/cli-linux-x64@2.2.2':
    resolution: {integrity: sha512-Ogb+77edO5LEP/xbNicACOWVLt8mgC+E1wmpUakr+O4nKwLt9vXe74YNuT3T1dUBxC/SnrVmlzZFC7kQJEfquQ==}
    engines: {node: '>=14.21.3'}
    cpu: [x64]
    os: [linux]

  '@biomejs/cli-win32-arm64@2.2.2':
    resolution: {integrity: sha512-wBe2wItayw1zvtXysmHJQoQqXlTzHSpQRyPpJKiNIR21HzH/CrZRDFic1C1jDdp+zAPtqhNExa0owKMbNwW9cQ==}
    engines: {node: '>=14.21.3'}
    cpu: [arm64]
    os: [win32]

  '@biomejs/cli-win32-x64@2.2.2':
    resolution: {integrity: sha512-DAuHhHekGfiGb6lCcsT4UyxQmVwQiBCBUMwVra/dcOSs9q8OhfaZgey51MlekT3p8UwRqtXQfFuEJBhJNdLZwg==}
    engines: {node: '>=14.21.3'}
    cpu: [x64]
    os: [win32]

  '@fastify/deepmerge@1.3.0':
    resolution: {integrity: sha512-J8TOSBq3SoZbDhM9+R/u77hP93gz/rajSA+K2kGyijPpORPWUXHUpTaleoj+92As0S9uPRP7Oi8IqMf0u+ro6A==}

  '@jridgewell/sourcemap-codec@1.5.5':
    resolution: {integrity: sha512-cYQ9310grqxueWbl+WuIUIaiUaDcj7WOq5fVhEljNVgRfOUhY9fy2zTvfoqWsnebh8Sl70VScFbICvJnLKB0Og==}

  '@nodelib/fs.scandir@2.1.5':
    resolution: {integrity: sha512-vq24Bq3ym5HEQm2NKCr3yXDwjc7vTsEThRDnkp2DK9p1uqLR+DHurm/NOTo0KG7HYHU7eppKZj3MyqYuMBf62g==}
    engines: {node: '>= 8'}

  '@nodelib/fs.stat@2.0.5':
    resolution: {integrity: sha512-RkhPPp2zrqDAQA/2jNhnztcPAlv64XdhIp7a7454A5ovI7Bukxgt7MX7udwAu3zg1DcpPU0rz3VV1SeaqvY4+A==}
    engines: {node: '>= 8'}

  '@nodelib/fs.walk@1.2.8':
    resolution: {integrity: sha512-oGB+UxlgWcgQkgwo8GcEGwemoTFt3FIO9ababBmaGwXIoBKZ+GTy0pP185beGg7Llih/NSHSV2XAs1lnznocSg==}
    engines: {node: '>= 8'}

  '@rollup/plugin-commonjs@28.0.6':
    resolution: {integrity: sha512-XSQB1K7FUU5QP+3lOQmVCE3I0FcbbNvmNT4VJSj93iUjayaARrTQeoRdiYQoftAJBLrR9t2agwAd3ekaTgHNlw==}
    engines: {node: '>=16.0.0 || 14 >= 14.17'}
    peerDependencies:
      rollup: ^2.68.0||^3.0.0||^4.0.0
    peerDependenciesMeta:
      rollup:
        optional: true

  '@rollup/plugin-json@6.1.0':
    resolution: {integrity: sha512-EGI2te5ENk1coGeADSIwZ7G2Q8CJS2sF120T7jLw4xFw9n7wIOXHo+kIYRAoVpJAN+kmqZSoO3Fp4JtoNF4ReA==}
    engines: {node: '>=14.0.0'}
    peerDependencies:
      rollup: ^1.20.0||^2.0.0||^3.0.0||^4.0.0
    peerDependenciesMeta:
      rollup:
        optional: true

  '@rollup/plugin-node-resolve@16.0.1':
    resolution: {integrity: sha512-tk5YCxJWIG81umIvNkSod2qK5KyQW19qcBF/B78n1bjtOON6gzKoVeSzAE8yHCZEDmqkHKkxplExA8KzdJLJpA==}
    engines: {node: '>=14.0.0'}
    peerDependencies:
      rollup: ^2.78.0||^3.0.0||^4.0.0
    peerDependenciesMeta:
      rollup:
        optional: true

  '@rollup/plugin-replace@6.0.2':
    resolution: {integrity: sha512-7QaYCf8bqF04dOy7w/eHmJeNExxTYwvKAmlSAH/EaWWUzbT0h5sbF6bktFoX/0F/0qwng5/dWFMyf3gzaM8DsQ==}
    engines: {node: '>=14.0.0'}
    peerDependencies:
      rollup: ^1.20.0||^2.0.0||^3.0.0||^4.0.0
    peerDependenciesMeta:
      rollup:
        optional: true

  '@rollup/plugin-wasm@6.2.2':
    resolution: {integrity: sha512-gpC4R1G9Ni92ZIRTexqbhX7U+9estZrbhP+9SRb0DW9xpB9g7j34r+J2hqrcW/lRI7dJaU84MxZM0Rt82tqYPQ==}
    engines: {node: '>=14.0.0'}
    peerDependencies:
      rollup: ^1.20.0||^2.0.0||^3.0.0||^4.0.0
    peerDependenciesMeta:
      rollup:
        optional: true

  '@rollup/pluginutils@5.2.0':
    resolution: {integrity: sha512-qWJ2ZTbmumwiLFomfzTyt5Kng4hwPi9rwCYN4SHb6eaRU1KNO4ccxINHr/VhH4GgPlt1XfSTLX2LBTme8ne4Zw==}
    engines: {node: '>=14.0.0'}
    peerDependencies:
      rollup: ^1.20.0||^2.0.0||^3.0.0||^4.0.0
    peerDependenciesMeta:
      rollup:
        optional: true

  '@rollup/rollup-android-arm-eabi@4.49.0':
    resolution: {integrity: sha512-rlKIeL854Ed0e09QGYFlmDNbka6I3EQFw7iZuugQjMb11KMpJCLPFL4ZPbMfaEhLADEL1yx0oujGkBQ7+qW3eA==}
    cpu: [arm]
    os: [android]

  '@rollup/rollup-android-arm64@4.49.0':
    resolution: {integrity: sha512-cqPpZdKUSQYRtLLr6R4X3sD4jCBO1zUmeo3qrWBCqYIeH8Q3KRL4F3V7XJ2Rm8/RJOQBZuqzQGWPjjvFUcYa/w==}
    cpu: [arm64]
    os: [android]

  '@rollup/rollup-darwin-arm64@4.49.0':
    resolution: {integrity: sha512-99kMMSMQT7got6iYX3yyIiJfFndpojBmkHfTc1rIje8VbjhmqBXE+nb7ZZP3A5skLyujvT0eIUCUsxAe6NjWbw==}
    cpu: [arm64]
    os: [darwin]

  '@rollup/rollup-darwin-x64@4.49.0':
    resolution: {integrity: sha512-y8cXoD3wdWUDpjOLMKLx6l+NFz3NlkWKcBCBfttUn+VGSfgsQ5o/yDUGtzE9HvsodkP0+16N0P4Ty1VuhtRUGg==}
    cpu: [x64]
    os: [darwin]

  '@rollup/rollup-freebsd-arm64@4.49.0':
    resolution: {integrity: sha512-3mY5Pr7qv4GS4ZvWoSP8zha8YoiqrU+e0ViPvB549jvliBbdNLrg2ywPGkgLC3cmvN8ya3za+Q2xVyT6z+vZqA==}
    cpu: [arm64]
    os: [freebsd]

  '@rollup/rollup-freebsd-x64@4.49.0':
    resolution: {integrity: sha512-C9KzzOAQU5gU4kG8DTk+tjdKjpWhVWd5uVkinCwwFub2m7cDYLOdtXoMrExfeBmeRy9kBQMkiyJ+HULyF1yj9w==}
    cpu: [x64]
    os: [freebsd]

  '@rollup/rollup-linux-arm-gnueabihf@4.49.0':
    resolution: {integrity: sha512-OVSQgEZDVLnTbMq5NBs6xkmz3AADByCWI4RdKSFNlDsYXdFtlxS59J+w+LippJe8KcmeSSM3ba+GlsM9+WwC1w==}
    cpu: [arm]
    os: [linux]

  '@rollup/rollup-linux-arm-musleabihf@4.49.0':
    resolution: {integrity: sha512-ZnfSFA7fDUHNa4P3VwAcfaBLakCbYaxCk0jUnS3dTou9P95kwoOLAMlT3WmEJDBCSrOEFFV0Y1HXiwfLYJuLlA==}
    cpu: [arm]
    os: [linux]

  '@rollup/rollup-linux-arm64-gnu@4.49.0':
    resolution: {integrity: sha512-Z81u+gfrobVK2iV7GqZCBfEB1y6+I61AH466lNK+xy1jfqFLiQ9Qv716WUM5fxFrYxwC7ziVdZRU9qvGHkYIJg==}
    cpu: [arm64]
    os: [linux]

  '@rollup/rollup-linux-arm64-musl@4.49.0':
    resolution: {integrity: sha512-zoAwS0KCXSnTp9NH/h9aamBAIve0DXeYpll85shf9NJ0URjSTzzS+Z9evmolN+ICfD3v8skKUPyk2PO0uGdFqg==}
    cpu: [arm64]
    os: [linux]

  '@rollup/rollup-linux-loongarch64-gnu@4.49.0':
    resolution: {integrity: sha512-2QyUyQQ1ZtwZGiq0nvODL+vLJBtciItC3/5cYN8ncDQcv5avrt2MbKt1XU/vFAJlLta5KujqyHdYtdag4YEjYQ==}
    cpu: [loong64]
    os: [linux]

  '@rollup/rollup-linux-ppc64-gnu@4.49.0':
    resolution: {integrity: sha512-k9aEmOWt+mrMuD3skjVJSSxHckJp+SiFzFG+v8JLXbc/xi9hv2icSkR3U7uQzqy+/QbbYY7iNB9eDTwrELo14g==}
    cpu: [ppc64]
    os: [linux]

  '@rollup/rollup-linux-riscv64-gnu@4.49.0':
    resolution: {integrity: sha512-rDKRFFIWJ/zJn6uk2IdYLc09Z7zkE5IFIOWqpuU0o6ZpHcdniAyWkwSUWE/Z25N/wNDmFHHMzin84qW7Wzkjsw==}
    cpu: [riscv64]
    os: [linux]

  '@rollup/rollup-linux-riscv64-musl@4.49.0':
    resolution: {integrity: sha512-FkkhIY/hYFVnOzz1WeV3S9Bd1h0hda/gRqvZCMpHWDHdiIHn6pqsY3b5eSbvGccWHMQ1uUzgZTKS4oGpykf8Tw==}
    cpu: [riscv64]
    os: [linux]

  '@rollup/rollup-linux-s390x-gnu@4.49.0':
    resolution: {integrity: sha512-gRf5c+A7QiOG3UwLyOOtyJMD31JJhMjBvpfhAitPAoqZFcOeK3Kc1Veg1z/trmt+2P6F/biT02fU19GGTS529A==}
    cpu: [s390x]
    os: [linux]

  '@rollup/rollup-linux-x64-gnu@4.49.0':
    resolution: {integrity: sha512-BR7+blScdLW1h/2hB/2oXM+dhTmpW3rQt1DeSiCP9mc2NMMkqVgjIN3DDsNpKmezffGC9R8XKVOLmBkRUcK/sA==}
    cpu: [x64]
    os: [linux]

  '@rollup/rollup-linux-x64-musl@4.49.0':
    resolution: {integrity: sha512-hDMOAe+6nX3V5ei1I7Au3wcr9h3ktKzDvF2ne5ovX8RZiAHEtX1A5SNNk4zt1Qt77CmnbqT+upb/umzoPMWiPg==}
    cpu: [x64]
    os: [linux]

  '@rollup/rollup-win32-arm64-msvc@4.49.0':
    resolution: {integrity: sha512-wkNRzfiIGaElC9kXUT+HLx17z7D0jl+9tGYRKwd8r7cUqTL7GYAvgUY++U2hK6Ar7z5Z6IRRoWC8kQxpmM7TDA==}
    cpu: [arm64]
    os: [win32]

  '@rollup/rollup-win32-ia32-msvc@4.49.0':
    resolution: {integrity: sha512-gq5aW/SyNpjp71AAzroH37DtINDcX1Qw2iv9Chyz49ZgdOP3NV8QCyKZUrGsYX9Yyggj5soFiRCgsL3HwD8TdA==}
    cpu: [ia32]
    os: [win32]

  '@rollup/rollup-win32-x64-msvc@4.49.0':
    resolution: {integrity: sha512-gEtqFbzmZLFk2xKh7g0Rlo8xzho8KrEFEkzvHbfUGkrgXOpZ4XagQ6n+wIZFNh1nTb8UD16J4nFSFKXYgnbdBg==}
    cpu: [x64]
    os: [win32]

  '@swc/core-darwin-arm64@1.13.5':
    resolution: {integrity: sha512-lKNv7SujeXvKn16gvQqUQI5DdyY8v7xcoO3k06/FJbHJS90zEwZdQiMNRiqpYw/orU543tPaWgz7cIYWhbopiQ==}
    engines: {node: '>=10'}
    cpu: [arm64]
    os: [darwin]

  '@swc/core-darwin-x64@1.13.5':
    resolution: {integrity: sha512-ILd38Fg/w23vHb0yVjlWvQBoE37ZJTdlLHa8LRCFDdX4WKfnVBiblsCU9ar4QTMNdeTBEX9iUF4IrbNWhaF1Ng==}
    engines: {node: '>=10'}
    cpu: [x64]
    os: [darwin]

  '@swc/core-linux-arm-gnueabihf@1.13.5':
    resolution: {integrity: sha512-Q6eS3Pt8GLkXxqz9TAw+AUk9HpVJt8Uzm54MvPsqp2yuGmY0/sNaPPNVqctCX9fu/Nu8eaWUen0si6iEiCsazQ==}
    engines: {node: '>=10'}
    cpu: [arm]
    os: [linux]

  '@swc/core-linux-arm64-gnu@1.13.5':
    resolution: {integrity: sha512-aNDfeN+9af+y+M2MYfxCzCy/VDq7Z5YIbMqRI739o8Ganz6ST+27kjQFd8Y/57JN/hcnUEa9xqdS3XY7WaVtSw==}
    engines: {node: '>=10'}
    cpu: [arm64]
    os: [linux]

  '@swc/core-linux-arm64-musl@1.13.5':
    resolution: {integrity: sha512-9+ZxFN5GJag4CnYnq6apKTnnezpfJhCumyz0504/JbHLo+Ue+ZtJnf3RhyA9W9TINtLE0bC4hKpWi8ZKoETyOQ==}
    engines: {node: '>=10'}
    cpu: [arm64]
    os: [linux]

  '@swc/core-linux-x64-gnu@1.13.5':
    resolution: {integrity: sha512-WD530qvHrki8Ywt/PloKUjaRKgstQqNGvmZl54g06kA+hqtSE2FTG9gngXr3UJxYu/cNAjJYiBifm7+w4nbHbA==}
    engines: {node: '>=10'}
    cpu: [x64]
    os: [linux]

  '@swc/core-linux-x64-musl@1.13.5':
    resolution: {integrity: sha512-Luj8y4OFYx4DHNQTWjdIuKTq2f5k6uSXICqx+FSabnXptaOBAbJHNbHT/06JZh6NRUouaf0mYXN0mcsqvkhd7Q==}
    engines: {node: '>=10'}
    cpu: [x64]
    os: [linux]

  '@swc/core-win32-arm64-msvc@1.13.5':
    resolution: {integrity: sha512-cZ6UpumhF9SDJvv4DA2fo9WIzlNFuKSkZpZmPG1c+4PFSEMy5DFOjBSllCvnqihCabzXzpn6ykCwBmHpy31vQw==}
    engines: {node: '>=10'}
    cpu: [arm64]
    os: [win32]

  '@swc/core-win32-ia32-msvc@1.13.5':
    resolution: {integrity: sha512-C5Yi/xIikrFUzZcyGj9L3RpKljFvKiDMtyDzPKzlsDrKIw2EYY+bF88gB6oGY5RGmv4DAX8dbnpRAqgFD0FMEw==}
    engines: {node: '>=10'}
    cpu: [ia32]
    os: [win32]

  '@swc/core-win32-x64-msvc@1.13.5':
    resolution: {integrity: sha512-YrKdMVxbYmlfybCSbRtrilc6UA8GF5aPmGKBdPvjrarvsmf4i7ZHGCEnLtfOMd3Lwbs2WUZq3WdMbozYeLU93Q==}
    engines: {node: '>=10'}
    cpu: [x64]
    os: [win32]

  '@swc/core@1.13.5':
    resolution: {integrity: sha512-WezcBo8a0Dg2rnR82zhwoR6aRNxeTGfK5QCD6TQ+kg3xx/zNT02s/0o+81h/3zhvFSB24NtqEr8FTw88O5W/JQ==}
    engines: {node: '>=10'}
    peerDependencies:
      '@swc/helpers': '>=0.5.17'
    peerDependenciesMeta:
      '@swc/helpers':
        optional: true

  '@swc/counter@0.1.3':
    resolution: {integrity: sha512-e2BR4lsJkkRlKZ/qCHPw9ZaSxc0MVUd7gtbtaB7aMvHeJVYe8sOB8DBZkP2DtISHGSku9sCK6T6cnY0CtXrOCQ==}

  '@swc/helpers@0.5.17':
    resolution: {integrity: sha512-5IKx/Y13RsYd+sauPb2x+U/xZikHjolzfuDgTAl/Tdf3Q8rslRvC19NKDLgAJQ6wsqADk10ntlv08nPFw/gO/A==}

  '@swc/types@0.1.24':
    resolution: {integrity: sha512-tjTMh3V4vAORHtdTprLlfoMptu1WfTZG9Rsca6yOKyNYsRr+MUXutKmliB17orgSZk5DpnDxs8GUdd/qwYxOng==}

  '@types/estree@1.0.8':
    resolution: {integrity: sha512-dWHzHa2WqEXI/O1E9OjrocMTKJl2mSrEolh1Iomrv6U+JuNwaHXsXx9bLu5gG7BUWFIN0skIQJQ/L1rIex4X6w==}

  '@types/resolve@1.20.2':
    resolution: {integrity: sha512-60BCwRFOZCQhDncwQdxxeOEEkbc5dIMccYLwbxsS4TUNeVECQ/pBJ0j09mrHOl/JJvpRPGwO9SvE4nR2Nb/a4Q==}

  ansi-regex@5.0.1:
    resolution: {integrity: sha512-quJQXlTSUGL2LH9SUXo8VwsY4soanhgo6LNSm84E1LBcE8s3O0wpdiRzyR9z/ZZJMlMWv37qOOb9pdJlMUEKFQ==}
    engines: {node: '>=8'}

  ansi-regex@6.2.0:
    resolution: {integrity: sha512-TKY5pyBkHyADOPYlRT9Lx6F544mPl0vS5Ew7BJ45hA08Q+t3GjbueLliBWN3sMICk6+y7HdyxSzC4bWS8baBdg==}
    engines: {node: '>=12'}

  ansi-styles@4.3.0:
    resolution: {integrity: sha512-zbB9rCJAT1rbjiVDb2hqKFHNYLxgtk8NURxZ3IZwD3F6NtxbXZQCnnSi1Lkx+IDohdPlFp222wVALIheZJQSEg==}
    engines: {node: '>=8'}

  braces@3.0.3:
    resolution: {integrity: sha512-yQbXgO/OSZVD2IsiLlro+7Hf6Q18EJrKSEsdoMzKePKXct3gvD8oLcOQdIzGupr5Fj+EDe8gO/lxc1BzfMpxvA==}
    engines: {node: '>=8'}

  bunchee@6.6.0:
    resolution: {integrity: sha512-QW07HOAxqj+2aJhdx2kiP7dnwcEDr0Xsmotd/DC+Vqksgs/EdEvno0V6JeIyk0RcpMozGS9OI8mG/XhMU/wCDw==}
    engines: {node: '>= 18.0.0'}
    hasBin: true
    peerDependencies:
      typescript: ^4.1 || ^5.0
    peerDependenciesMeta:
      typescript:
        optional: true

  chalk@5.6.0:
    resolution: {integrity: sha512-46QrSQFyVSEyYAgQ22hQ+zDa60YHA4fBstHmtSApj1Y5vKtG27fWowW03jCk5KcbXEWPZUIR894aARCA/G1kfQ==}
    engines: {node: ^12.17.0 || ^14.13 || >=16.0.0}

  clean-css@5.3.3:
    resolution: {integrity: sha512-D5J+kHaVb/wKSFcyyV75uCn8fiY4sV38XJoe4CUyGQ+mOU/fMVYUdH1hJC+CJQ5uY3EnW27SbJYS4X8BiLrAFg==}
    engines: {node: '>= 10.0'}

  cli-cursor@5.0.0:
    resolution: {integrity: sha512-aCj4O5wKyszjMmDT4tZj93kxyydN/K5zPWSCe6/0AV/AA1pqe5ZBIw0a2ZfPQV7lL5/yb5HsUreJ6UFAF1tEQw==}
    engines: {node: '>=18'}

  cli-spinners@2.9.2:
    resolution: {integrity: sha512-ywqV+5MmyL4E7ybXgKys4DugZbX0FC6LnwrhjuykIjnK9k8OQacQ7axGKnjDXWNhns0xot3bZI5h55H8yo9cJg==}
    engines: {node: '>=6'}

  cliui@8.0.1:
    resolution: {integrity: sha512-BSeNnyus75C4//NQ9gQt1/csTXyo/8Sb+afLAkzAptFuMsod9HFokGNudZpi/oQV73hnVK+sR+5PVRMd+Dr7YQ==}
    engines: {node: '>=12'}

  color-convert@2.0.1:
    resolution: {integrity: sha512-RRECPsj7iu/xb5oKYcsFHSppFNnsj/52OVTRKb4zP5onXwVF3zVmmToNcOfGC+CRDpfK/U584fMg38ZHCaElKQ==}
    engines: {node: '>=7.0.0'}

  color-name@1.1.4:
    resolution: {integrity: sha512-dOy+3AuW3a2wNbZHIuMZpTcgjGuLU/uBL/ubcZF9OXbDo8ff4O8yVp5Bf0efS8uEoYo5q4Fx7dY9OgQGXgAsQA==}

  commondir@1.0.1:
    resolution: {integrity: sha512-W9pAhw0ja1Edb5GVdIF1mjZw/ASI0AlShXM83UUGe2DVr5TdAPEA1OA8m/g8zWp9x6On7gqufY+FatDbC3MDQg==}

  deepmerge@4.3.1:
    resolution: {integrity: sha512-3sUqbMEc77XqpdNO7FRyRog+eW3ph+GYCbj+rK+uYyRMuwsVy0rMiVtPn+QJlKFvWP/1PYpapqYn0Me2knFn+A==}
    engines: {node: '>=0.10.0'}

  emoji-regex@10.5.0:
    resolution: {integrity: sha512-lb49vf1Xzfx080OKA0o6l8DQQpV+6Vg95zyCJX9VB/BqKYlhG7N4wgROUUHRA+ZPUefLnteQOad7z1kT2bV7bg==}

  emoji-regex@8.0.0:
    resolution: {integrity: sha512-MSjYzcWNOA0ewAHpz0MxpYFvwg6yjy1NG3xteoqz644VCo/RPgnr1/GGt+ic3iJTzQ8Eu3TdM14SawnVUmGE6A==}

  escalade@3.2.0:
    resolution: {integrity: sha512-WUj2qlxaQtO4g6Pq5c29GTcWGDyd8itL8zTlipgECz3JesAiiOKotd8JU6otB3PACgG6xkJUyVhboMS+bje/jA==}
    engines: {node: '>=6'}

  estree-walker@2.0.2:
    resolution: {integrity: sha512-Rfkk/Mp/DL7JVje3u18FxFujQlTNR2q6QfMSMB7AvCBx91NGj/ba3kCfza0f6dVDbw7YlRf/nDrn7pQrCCyQ/w==}

  fast-glob@3.3.3:
    resolution: {integrity: sha512-7MptL8U0cqcFdzIzwOTHoilX9x5BrNqye7Z/LuC7kCMRio1EMSyqRK3BEAUD7sXRq4iT4AzTVuZdhgQ2TCvYLg==}
    engines: {node: '>=8.6.0'}

  fastq@1.19.1:
    resolution: {integrity: sha512-GwLTyxkCXjXbxqIhTsMI2Nui8huMPtnxg7krajPJAjnEG/iiOS7i+zCtWGZR9G0NBKbXKh6X9m9UIsYX/N6vvQ==}

  fdir@6.5.0:
    resolution: {integrity: sha512-tIbYtZbucOs0BRGqPJkshJUYdL+SDH7dVM8gjy+ERp3WAUjLEFJE+02kanyHtwjWOnwrKYBiwAmM0p4kLJAnXg==}
    engines: {node: '>=12.0.0'}
    peerDependencies:
      picomatch: ^3 || ^4
    peerDependenciesMeta:
      picomatch:
        optional: true

  fill-range@7.1.1:
    resolution: {integrity: sha512-YsGpe3WHLK8ZYi4tWDg2Jy3ebRz2rXowDxnld4bkQB00cc/1Zw9AWnC0i9ztDJitivtQvaI9KaLyKrc+hBW0yg==}
    engines: {node: '>=8'}

  fsevents@2.3.3:
    resolution: {integrity: sha512-5xoDfX+fL7faATnagmWPpbFtwh/R77WmMMqqHGS65C3vvB0YHrgF+B1YmZ3441tMj5n63k0212XNoJwzlhffQw==}
    engines: {node: ^8.16.0 || ^10.6.0 || >=11.0.0}
    os: [darwin]

  function-bind@1.1.2:
    resolution: {integrity: sha512-7XHNxH7qX9xG5mIwxkhumTox/MIRNcOgDrxWsMt2pAr23WHp6MrRlN7FBSFpCpr+oVO0F744iUgR82nJMfG2SA==}

  get-caller-file@2.0.5:
    resolution: {integrity: sha512-DyFP3BM/3YHTQOCUL/w0OZHR0lpKeGrxotcHWcqNEdnltqFwXVfhEBQ94eIo34AfQpo0rGki4cyIiftY06h2Fg==}
    engines: {node: 6.* || 8.* || >= 10.*}

  get-east-asian-width@1.3.0:
    resolution: {integrity: sha512-vpeMIQKxczTD/0s2CdEWHcb0eeJe6TFjxb+J5xgX7hScxqrGuyjmv4c1D4A/gelKfyox0gJJwIHF+fLjeaM8kQ==}
    engines: {node: '>=18'}

  get-tsconfig@4.10.1:
    resolution: {integrity: sha512-auHyJ4AgMz7vgS8Hp3N6HXSmlMdUyhSUrfBF16w153rxtLIEOE+HGqaBppczZvnHLqQJfiHotCYpNhl0lUROFQ==}

  glob-parent@5.1.2:
    resolution: {integrity: sha512-AOIgSQCepiJYwP3ARnGx+5VnTu2HBYdzbGP45eLw1vr3zB3vZLeyed1sC9hnbcOc9/SrMyM5RPQrkGz4aS9Zow==}
    engines: {node: '>= 6'}

  hasown@2.0.2:
    resolution: {integrity: sha512-0hJU9SCPvmMzIBdZFqNPXWa6dqh7WdH0cII9y+CyS8rG3nL48Bclra9HmKhVVUHyPWNH5Y7xDwAB7bfgSjkUMQ==}
    engines: {node: '>= 0.4'}

  is-core-module@2.16.1:
    resolution: {integrity: sha512-UfoeMA6fIJ8wTYFEUjelnaGI67v6+N7qXJEvQuIGa99l4xsCruSYOVSQ0uPANn4dAzm8lkYPaKLrrijLq7x23w==}
    engines: {node: '>= 0.4'}

  is-extglob@2.1.1:
    resolution: {integrity: sha512-SbKbANkN603Vi4jEZv49LeVJMn4yGwsbzZworEoyEiutsN3nJYdbO36zfhGJ6QEDpOZIFkDtnq5JRxmvl3jsoQ==}
    engines: {node: '>=0.10.0'}

  is-fullwidth-code-point@3.0.0:
    resolution: {integrity: sha512-zymm5+u+sCsSWyD9qNaejV3DFvhCKclKdizYaJUuHA83RLjb7nSuGnddCHGv0hk+KY7BMAlsWeK4Ueg6EV6XQg==}
    engines: {node: '>=8'}

  is-glob@4.0.3:
    resolution: {integrity: sha512-xelSayHH36ZgE7ZWhli7pW34hNbNl8Ojv5KVmkJD4hBdD3th8Tfk9vYasLM+mXWOZhFkgZfxhLSnrwRr4elSSg==}
    engines: {node: '>=0.10.0'}

  is-interactive@2.0.0:
    resolution: {integrity: sha512-qP1vozQRI+BMOPcjFzrjXuQvdak2pHNUMZoeG2eRbiSqyvbEf/wQtEOTOX1guk6E3t36RkaqiSt8A/6YElNxLQ==}
    engines: {node: '>=12'}

  is-module@1.0.0:
    resolution: {integrity: sha512-51ypPSPCoTEIN9dy5Oy+h4pShgJmPCygKfyRCISBI+JoWT/2oJvK8QPxmwv7b/p239jXrm9M1mlQbyKJ5A152g==}

  is-number@7.0.0:
    resolution: {integrity: sha512-41Cifkg6e8TylSpdtTpeLVMqvSBEVzTttHvERD741+pnZ8ANv0004MRL43QKPDlK9cGvNp6NZWZUBlbGXYxxng==}
    engines: {node: '>=0.12.0'}

  is-reference@1.2.1:
    resolution: {integrity: sha512-U82MsXXiFIrjCK4otLT+o2NA2Cd2g5MLoOVXUZjIOhLurrRxpEXzI8O0KZHr3IjLvlAH1kTPYSuqer5T9ZVBKQ==}

  is-unicode-supported@1.3.0:
    resolution: {integrity: sha512-43r2mRvz+8JRIKnWJ+3j8JtjRKZ6GmjzfaE/qiBJnikNnYv/6bagRJ1kUhNk8R5EX/GkobD+r+sfxCPJsiKBLQ==}
    engines: {node: '>=12'}

  is-unicode-supported@2.1.0:
    resolution: {integrity: sha512-mE00Gnza5EEB3Ds0HfMyllZzbBrmLOX3vfWoj9A9PEnTfratQ/BcaJOuMhnkhjXvb2+FkY3VuHqtAGpTPmglFQ==}
    engines: {node: '>=18'}

  js-tokens@4.0.0:
    resolution: {integrity: sha512-RdJUflcE3cUzKiMqQgsCu06FPu9UdIJO0beYbPhHN4k6apgJtifcoCtT9bcxOpYBtpD2kCM6Sbzg4CausW/PKQ==}

  ky@1.9.1:
    resolution: {integrity: sha512-WGzpBn57klhxsqRTEABAqF4tqTtqCuxoTIv9m6nIZtMMFTVcrHp7bRDWblzFIfqkb47+OhTztOgHn6A4xItmqg==}
    engines: {node: '>=18'}

  log-symbols@6.0.0:
    resolution: {integrity: sha512-i24m8rpwhmPIS4zscNzK6MSEhk0DUWa/8iYQWxhffV8jkI4Phvs3F+quL5xvS0gdQR0FyTCMMH33Y78dDTzzIw==}
    engines: {node: '>=18'}

  magic-string@0.30.18:
    resolution: {integrity: sha512-yi8swmWbO17qHhwIBNeeZxTceJMeBvWJaId6dyvTSOwTipqeHhMhOrz6513r1sOKnpvQ7zkhlG8tPrpilwTxHQ==}

  merge2@1.4.1:
    resolution: {integrity: sha512-8q7VEgMJW4J8tcfVPy8g09NcQwZdbwFEqhe/WZkoIzjn/3TGDwtOCYtXGxA3O8tPzpczCCDgv+P2P5y00ZJOOg==}
    engines: {node: '>= 8'}

  micromatch@4.0.8:
    resolution: {integrity: sha512-PXwfBhYu0hBCPw8Dn0E+WDYb7af3dSLVWKi3HGv84IdF4TyFoC0ysxFd0Goxw7nSv4T/PzEJQxsYsEiFCKo2BA==}
    engines: {node: '>=8.6'}

  mimic-function@5.0.1:
    resolution: {integrity: sha512-VP79XUPxV2CigYP3jWwAUFSku2aKqBH7uTAapFWCBqutsbmDo96KY5o8uh6U+/YSIn5OxJnXp73beVkpqMIGhA==}
    engines: {node: '>=18'}

  onetime@7.0.0:
    resolution: {integrity: sha512-VXJjc87FScF88uafS3JllDgvAm+c/Slfz06lorj2uAY34rlUu0Nt+v8wreiImcrgAjjIHp1rXpTDlLOGw29WwQ==}
    engines: {node: '>=18'}

  ora@8.2.0:
    resolution: {integrity: sha512-weP+BZ8MVNnlCm8c0Qdc1WSWq4Qn7I+9CJGm7Qali6g44e/PUzbjNqJX5NJ9ljlNMosfJvg1fKEGILklK9cwnw==}
    engines: {node: '>=18'}

  path-parse@1.0.7:
    resolution: {integrity: sha512-LDJzPVEEEPR+y48z93A0Ed0yXb8pAByGWo/k5YYdYgpY2/2EsOsksJrq7lOHxryrVOn1ejG6oAp8ahvOIQD8sw==}

  picocolors@1.1.1:
    resolution: {integrity: sha512-xceH2snhtb5M9liqDsmEw56le376mTZkEX/jEb/RxNFyegNul7eNslCXP9FDj/Lcu0X8KEyMceP2ntpaHrDEVA==}

  picomatch@2.3.1:
    resolution: {integrity: sha512-JU3teHTNjmE2VCGFzuY8EXzCDVwEqB2a8fsIvwaStHhAWJEeVd1o1QD80CU6+ZdEXXSLbSsuLwJjkCBWqRQUVA==}
    engines: {node: '>=8.6'}

  picomatch@4.0.3:
    resolution: {integrity: sha512-5gTmgEY/sqK6gFXLIsQNH19lWb4ebPDLA4SdLP7dsWkIXHWlG66oPuVvXSGFPppYZz8ZDZq0dYYrbHfBCVUb1Q==}
    engines: {node: '>=12'}

  pretty-bytes@5.6.0:
    resolution: {integrity: sha512-FFw039TmrBqFK8ma/7OL3sDz/VytdtJr044/QUJtH0wK9lb9jLq9tJyIxUwtQJHwar2BqtiA4iCWSwo9JLkzFg==}
    engines: {node: '>=6'}

  queue-microtask@1.2.3:
    resolution: {integrity: sha512-NuaNSa6flKT5JaSYQzJok04JzTL1CA6aGhv5rfLW3PgqA+M2ChpZQnAC8h8i4ZFkBS8X5RqkDBHA7r4hej3K9A==}

  require-directory@2.1.1:
    resolution: {integrity: sha512-fGxEI7+wsG9xrvdjsrlmL22OMTTiHRwAMroiEeMgq8gzoLC/PQr7RsRDSTLUg/bZAZtF+TVIkHc6/4RIKrui+Q==}
    engines: {node: '>=0.10.0'}

  resolve-pkg-maps@1.0.0:
    resolution: {integrity: sha512-seS2Tj26TBVOC2NIc2rOe2y2ZO7efxITtLZcGSOnHHNOQ7CkiUBfw0Iw2ck6xkIhPwLhKNLS8BO+hEpngQlqzw==}

  resolve@1.22.10:
    resolution: {integrity: sha512-NPRy+/ncIMeDlTAsuqwKIiferiawhefFJtkNSW0qZJEqMEb+qBt/77B/jGeeek+F0uOeN05CDa6HXbbIgtVX4w==}
    engines: {node: '>= 0.4'}
    hasBin: true

  restore-cursor@5.1.0:
    resolution: {integrity: sha512-oMA2dcrw6u0YfxJQXm342bFKX/E4sG9rbTzO9ptUcR/e8A33cHuvStiYOwH7fszkZlZ1z/ta9AAoPk2F4qIOHA==}
    engines: {node: '>=18'}

  reusify@1.1.0:
    resolution: {integrity: sha512-g6QUff04oZpHs0eG5p83rFLhHeV00ug/Yf9nZM6fLeUrPguBTkTQOdpAWWspMh55TZfVQDPaN3NQJfbVRAxdIw==}
    engines: {iojs: '>=1.0.0', node: '>=0.10.0'}

  rollup-plugin-dts@6.2.3:
    resolution: {integrity: sha512-UgnEsfciXSPpASuOelix7m4DrmyQgiaWBnvI0TM4GxuDh5FkqW8E5hu57bCxXB90VvR1WNfLV80yEDN18UogSA==}
    engines: {node: '>=16'}
    peerDependencies:
      rollup: ^3.29.4 || ^4
      typescript: ^4.5 || ^5.0

  rollup-plugin-swc3@0.11.2:
    resolution: {integrity: sha512-o1ih9B806fV2wBSNk46T0cYfTF2eiiKmYXRpWw3K4j/Cp3tCAt10UCVsTqvUhGP58pcB3/GZcAVl5e7TCSKN6Q==}
    engines: {node: '>=12'}
    peerDependencies:
      '@swc/core': '>=1.2.165'
      rollup: ^2.0.0 || ^3.0.0 || ^4.0.0

  rollup-preserve-directives@1.1.3:
    resolution: {integrity: sha512-oXqxd6ZzkoQej8Qt0k+S/yvO2+S4CEVEVv2g85oL15o0cjAKTKEuo2MzyA8FcsBBXbtytBzBMFAbhvQg4YyPUQ==}
    peerDependencies:
      rollup: ^2.0.0 || ^3.0.0 || ^4.0.0

  rollup@4.49.0:
    resolution: {integrity: sha512-3IVq0cGJ6H7fKXXEdVt+RcYvRCt8beYY9K1760wGQwSAHZcS9eot1zDG5axUbcp/kWRi5zKIIDX8MoKv/TzvZA==}
    engines: {node: '>=18.0.0', npm: '>=8.0.0'}
    hasBin: true

  run-parallel@1.2.0:
    resolution: {integrity: sha512-5l4VyZR86LZ/lDxZTR6jqL8AFE2S0IFLMP26AbjsLVADxHdhB/c0GUsH+y39UfCi3dzz8OlQuPmnaJOMoDHQBA==}

  signal-exit@4.1.0:
    resolution: {integrity: sha512-bzyZ1e88w9O1iNJbKnOlvYTrWPDl46O1bG0D3XInv+9tkPrxrN8jUUTiFlDkkmKWgn1M6CfIA13SuGqOa9Korw==}
    engines: {node: '>=14'}

  source-map@0.6.1:
    resolution: {integrity: sha512-UjgapumWlbMhkBgzT7Ykc5YXUT46F0iKu8SGXq0bcwP5dz/h0Plj6enJqjz1Zbq2l5WaqYnrVbwWOWMyF3F47g==}
    engines: {node: '>=0.10.0'}

  stdin-discarder@0.2.2:
    resolution: {integrity: sha512-UhDfHmA92YAlNnCfhmq0VeNL5bDbiZGg7sZ2IvPsXubGkiNa9EC+tUTsjBRsYUAz87btI6/1wf4XoVvQ3uRnmQ==}
    engines: {node: '>=18'}

  string-width@4.2.3:
    resolution: {integrity: sha512-wKyQRQpjJ0sIp62ErSZdGsjMJWsap5oRNihHhu6G7JVO/9jIB6UyevL+tXuOqrng8j/cxKTWyWUwvSTriiZz/g==}
    engines: {node: '>=8'}

  string-width@7.2.0:
    resolution: {integrity: sha512-tsaTIkKW9b4N+AEj+SVA+WhJzV7/zMhcSu78mLKWSk7cXMOSHsBKFWUs0fWwq8QyK3MgJBQRX6Gbi4kYbdvGkQ==}
    engines: {node: '>=18'}

  strip-ansi@6.0.1:
    resolution: {integrity: sha512-Y38VPSHcqkFrCpFnQ9vuSXmquuv5oXOKpGeT6aGrr3o3Gc9AlVa6JBfUSOCnbxGGZF+/0ooI7KrPuUSztUdU5A==}
    engines: {node: '>=8'}

  strip-ansi@7.1.0:
    resolution: {integrity: sha512-iq6eVVI64nQQTRYq2KtEg2d2uU7LElhTJwsH4YzIHZshxlgZms/wIc4VoDQTlG/IvVIrBKG06CrZnp0qv7hkcQ==}
    engines: {node: '>=12'}

  supports-preserve-symlinks-flag@1.0.0:
    resolution: {integrity: sha512-ot0WnXS9fgdkgIcePe6RHNk1WA8+muPa6cSjeR3V8K27q9BB1rTE3R1p7Hv0z1ZyAc8s6Vvv8DIyWf681MAt0w==}
    engines: {node: '>= 0.4'}

  to-regex-range@5.0.1:
    resolution: {integrity: sha512-65P7iz6X5yEr1cwcgvQxbbIw7Uk3gOy5dIdtZ4rDveLqhrdJP+Li/Hx6tyK0NEb+2GCyneCMJiGqrADCSNk8sQ==}
    engines: {node: '>=8.0'}

  tslib@2.8.1:
    resolution: {integrity: sha512-oJFu94HQb+KVduSUQL7wnpmqnfmLsOA/nAh6b6EH0wCEoK0/mPeXU6c3wKDV83MkOuHPRHtSXKKU99IBazS/2w==}

  typescript@5.9.2:
    resolution: {integrity: sha512-CWBzXQrc/qOkhidw1OzBTQuYRbfyxDXJMVJ1XNwUHGROVmuaeiEm3OslpZ1RV96d7SKKjZKrSJu3+t/xlw3R9A==}
    engines: {node: '>=14.17'}
    hasBin: true

  wrap-ansi@7.0.0:
    resolution: {integrity: sha512-YVGIj2kamLSTxw6NsZjoBxfSwsn0ycdesmc4p+Q21c5zPuZ1pl+NfxVdxPtdHvmNVOQ6XSYG4AUtyt/Fi7D16Q==}
    engines: {node: '>=10'}

  y18n@5.0.8:
    resolution: {integrity: sha512-0pfFzegeDWJHJIAmTLRP2DwHjdF5s7jo9tuztdQxAhINCdvS+3nGINqPd00AphqJR/0LhANUS6/+7SCb98YOfA==}
    engines: {node: '>=10'}

  yargs-parser@21.1.1:
    resolution: {integrity: sha512-tVpsJW7DdjecAiFpbIB1e3qxIQsE6NoPc5/eTdrbbIC4h0LVsWhnoa3g+m2HclBIujHzsxZ4VJVA+GUuc2/LBw==}
    engines: {node: '>=12'}

  yargs@17.7.2:
    resolution: {integrity: sha512-7dSzzRQ++CKnNI/krKnYRV7JKKPUXMEh61soaHKg9mrWEhzFWhFnxPxGl+69cD1Ou63C13NUPCnmIcrvqCuM6w==}
    engines: {node: '>=12'}

snapshots:

  '@babel/code-frame@7.27.1':
    dependencies:
      '@babel/helper-validator-identifier': 7.27.1
      js-tokens: 4.0.0
      picocolors: 1.1.1
    optional: true

  '@babel/helper-validator-identifier@7.27.1':
    optional: true

  '@biomejs/biome@2.2.2':
    optionalDependencies:
      '@biomejs/cli-darwin-arm64': 2.2.2
      '@biomejs/cli-darwin-x64': 2.2.2
      '@biomejs/cli-linux-arm64': 2.2.2
      '@biomejs/cli-linux-arm64-musl': 2.2.2
      '@biomejs/cli-linux-x64': 2.2.2
      '@biomejs/cli-linux-x64-musl': 2.2.2
      '@biomejs/cli-win32-arm64': 2.2.2
      '@biomejs/cli-win32-x64': 2.2.2

  '@biomejs/cli-darwin-arm64@2.2.2':
    optional: true

  '@biomejs/cli-darwin-x64@2.2.2':
    optional: true

  '@biomejs/cli-linux-arm64-musl@2.2.2':
    optional: true

  '@biomejs/cli-linux-arm64@2.2.2':
    optional: true

  '@biomejs/cli-linux-x64-musl@2.2.2':
    optional: true

  '@biomejs/cli-linux-x64@2.2.2':
    optional: true

  '@biomejs/cli-win32-arm64@2.2.2':
    optional: true

  '@biomejs/cli-win32-x64@2.2.2':
    optional: true

  '@fastify/deepmerge@1.3.0': {}

  '@jridgewell/sourcemap-codec@1.5.5': {}

  '@nodelib/fs.scandir@2.1.5':
    dependencies:
      '@nodelib/fs.stat': 2.0.5
      run-parallel: 1.2.0

  '@nodelib/fs.stat@2.0.5': {}

  '@nodelib/fs.walk@1.2.8':
    dependencies:
      '@nodelib/fs.scandir': 2.1.5
      fastq: 1.19.1

  '@rollup/plugin-commonjs@28.0.6(rollup@4.49.0)':
    dependencies:
      '@rollup/pluginutils': 5.2.0(rollup@4.49.0)
      commondir: 1.0.1
      estree-walker: 2.0.2
      fdir: 6.5.0(picomatch@4.0.3)
      is-reference: 1.2.1
      magic-string: 0.30.18
      picomatch: 4.0.3
    optionalDependencies:
      rollup: 4.49.0

  '@rollup/plugin-json@6.1.0(rollup@4.49.0)':
    dependencies:
      '@rollup/pluginutils': 5.2.0(rollup@4.49.0)
    optionalDependencies:
      rollup: 4.49.0

  '@rollup/plugin-node-resolve@16.0.1(rollup@4.49.0)':
    dependencies:
      '@rollup/pluginutils': 5.2.0(rollup@4.49.0)
      '@types/resolve': 1.20.2
      deepmerge: 4.3.1
      is-module: 1.0.0
      resolve: 1.22.10
    optionalDependencies:
      rollup: 4.49.0

  '@rollup/plugin-replace@6.0.2(rollup@4.49.0)':
    dependencies:
      '@rollup/pluginutils': 5.2.0(rollup@4.49.0)
      magic-string: 0.30.18
    optionalDependencies:
      rollup: 4.49.0

  '@rollup/plugin-wasm@6.2.2(rollup@4.49.0)':
    dependencies:
      '@rollup/pluginutils': 5.2.0(rollup@4.49.0)
    optionalDependencies:
      rollup: 4.49.0

  '@rollup/pluginutils@5.2.0(rollup@4.49.0)':
    dependencies:
      '@types/estree': 1.0.8
      estree-walker: 2.0.2
      picomatch: 4.0.3
    optionalDependencies:
      rollup: 4.49.0

  '@rollup/rollup-android-arm-eabi@4.49.0':
    optional: true

  '@rollup/rollup-android-arm64@4.49.0':
    optional: true

  '@rollup/rollup-darwin-arm64@4.49.0':
    optional: true

  '@rollup/rollup-darwin-x64@4.49.0':
    optional: true

  '@rollup/rollup-freebsd-arm64@4.49.0':
    optional: true

  '@rollup/rollup-freebsd-x64@4.49.0':
    optional: true

  '@rollup/rollup-linux-arm-gnueabihf@4.49.0':
    optional: true

  '@rollup/rollup-linux-arm-musleabihf@4.49.0':
    optional: true

  '@rollup/rollup-linux-arm64-gnu@4.49.0':
    optional: true

  '@rollup/rollup-linux-arm64-musl@4.49.0':
    optional: true

  '@rollup/rollup-linux-loongarch64-gnu@4.49.0':
    optional: true

  '@rollup/rollup-linux-ppc64-gnu@4.49.0':
    optional: true

  '@rollup/rollup-linux-riscv64-gnu@4.49.0':
    optional: true

  '@rollup/rollup-linux-riscv64-musl@4.49.0':
    optional: true

  '@rollup/rollup-linux-s390x-gnu@4.49.0':
    optional: true

  '@rollup/rollup-linux-x64-gnu@4.49.0':
    optional: true

  '@rollup/rollup-linux-x64-musl@4.49.0':
    optional: true

  '@rollup/rollup-win32-arm64-msvc@4.49.0':
    optional: true

  '@rollup/rollup-win32-ia32-msvc@4.49.0':
    optional: true

  '@rollup/rollup-win32-x64-msvc@4.49.0':
    optional: true

  '@swc/core-darwin-arm64@1.13.5':
    optional: true

  '@swc/core-darwin-x64@1.13.5':
    optional: true

  '@swc/core-linux-arm-gnueabihf@1.13.5':
    optional: true

  '@swc/core-linux-arm64-gnu@1.13.5':
    optional: true

  '@swc/core-linux-arm64-musl@1.13.5':
    optional: true

  '@swc/core-linux-x64-gnu@1.13.5':
    optional: true

  '@swc/core-linux-x64-musl@1.13.5':
    optional: true

  '@swc/core-win32-arm64-msvc@1.13.5':
    optional: true

  '@swc/core-win32-ia32-msvc@1.13.5':
    optional: true

  '@swc/core-win32-x64-msvc@1.13.5':
    optional: true

  '@swc/core@1.13.5(@swc/helpers@0.5.17)':
    dependencies:
      '@swc/counter': 0.1.3
      '@swc/types': 0.1.24
    optionalDependencies:
      '@swc/core-darwin-arm64': 1.13.5
      '@swc/core-darwin-x64': 1.13.5
      '@swc/core-linux-arm-gnueabihf': 1.13.5
      '@swc/core-linux-arm64-gnu': 1.13.5
      '@swc/core-linux-arm64-musl': 1.13.5
      '@swc/core-linux-x64-gnu': 1.13.5
      '@swc/core-linux-x64-musl': 1.13.5
      '@swc/core-win32-arm64-msvc': 1.13.5
      '@swc/core-win32-ia32-msvc': 1.13.5
      '@swc/core-win32-x64-msvc': 1.13.5
      '@swc/helpers': 0.5.17

  '@swc/counter@0.1.3': {}

  '@swc/helpers@0.5.17':
    dependencies:
      tslib: 2.8.1

  '@swc/types@0.1.24':
    dependencies:
      '@swc/counter': 0.1.3

  '@types/estree@1.0.8': {}

  '@types/resolve@1.20.2': {}

  ansi-regex@5.0.1: {}

  ansi-regex@6.2.0: {}

  ansi-styles@4.3.0:
    dependencies:
      color-convert: 2.0.1

  braces@3.0.3:
    dependencies:
      fill-range: 7.1.1

  bunchee@6.6.0(typescript@5.9.2):
    dependencies:
      '@rollup/plugin-commonjs': 28.0.6(rollup@4.49.0)
      '@rollup/plugin-json': 6.1.0(rollup@4.49.0)
      '@rollup/plugin-node-resolve': 16.0.1(rollup@4.49.0)
      '@rollup/plugin-replace': 6.0.2(rollup@4.49.0)
      '@rollup/plugin-wasm': 6.2.2(rollup@4.49.0)
      '@rollup/pluginutils': 5.2.0(rollup@4.49.0)
      '@swc/core': 1.13.5(@swc/helpers@0.5.17)
      '@swc/helpers': 0.5.17
      clean-css: 5.3.3
      fast-glob: 3.3.3
      magic-string: 0.30.18
      ora: 8.2.0
      picomatch: 4.0.3
      pretty-bytes: 5.6.0
      rollup: 4.49.0
      rollup-plugin-dts: 6.2.3(rollup@4.49.0)(typescript@5.9.2)
      rollup-plugin-swc3: 0.11.2(@swc/core@1.13.5(@swc/helpers@0.5.17))(rollup@4.49.0)
      rollup-preserve-directives: 1.1.3(rollup@4.49.0)
      tslib: 2.8.1
      yargs: 17.7.2
    optionalDependencies:
      typescript: 5.9.2

  chalk@5.6.0: {}

  clean-css@5.3.3:
    dependencies:
      source-map: 0.6.1

  cli-cursor@5.0.0:
    dependencies:
      restore-cursor: 5.1.0

  cli-spinners@2.9.2: {}

  cliui@8.0.1:
    dependencies:
      string-width: 4.2.3
      strip-ansi: 6.0.1
      wrap-ansi: 7.0.0

  color-convert@2.0.1:
    dependencies:
      color-name: 1.1.4

  color-name@1.1.4: {}

  commondir@1.0.1: {}

  deepmerge@4.3.1: {}

  emoji-regex@10.5.0: {}

  emoji-regex@8.0.0: {}

  escalade@3.2.0: {}

  estree-walker@2.0.2: {}

  fast-glob@3.3.3:
    dependencies:
      '@nodelib/fs.stat': 2.0.5
      '@nodelib/fs.walk': 1.2.8
      glob-parent: 5.1.2
      merge2: 1.4.1
      micromatch: 4.0.8

  fastq@1.19.1:
    dependencies:
      reusify: 1.1.0

  fdir@6.5.0(picomatch@4.0.3):
    optionalDependencies:
      picomatch: 4.0.3

  fill-range@7.1.1:
    dependencies:
      to-regex-range: 5.0.1

  fsevents@2.3.3:
    optional: true

  function-bind@1.1.2: {}

  get-caller-file@2.0.5: {}

  get-east-asian-width@1.3.0: {}

  get-tsconfig@4.10.1:
    dependencies:
      resolve-pkg-maps: 1.0.0

  glob-parent@5.1.2:
    dependencies:
      is-glob: 4.0.3

  hasown@2.0.2:
    dependencies:
      function-bind: 1.1.2

  is-core-module@2.16.1:
    dependencies:
      hasown: 2.0.2

  is-extglob@2.1.1: {}

  is-fullwidth-code-point@3.0.0: {}

  is-glob@4.0.3:
    dependencies:
      is-extglob: 2.1.1

  is-interactive@2.0.0: {}

  is-module@1.0.0: {}

  is-number@7.0.0: {}

  is-reference@1.2.1:
    dependencies:
      '@types/estree': 1.0.8

  is-unicode-supported@1.3.0: {}

  is-unicode-supported@2.1.0: {}

  js-tokens@4.0.0:
    optional: true

  ky@1.9.1: {}

  log-symbols@6.0.0:
    dependencies:
      chalk: 5.6.0
      is-unicode-supported: 1.3.0

  magic-string@0.30.18:
    dependencies:
      '@jridgewell/sourcemap-codec': 1.5.5

  merge2@1.4.1: {}

  micromatch@4.0.8:
    dependencies:
      braces: 3.0.3
      picomatch: 2.3.1

  mimic-function@5.0.1: {}

  onetime@7.0.0:
    dependencies:
      mimic-function: 5.0.1

  ora@8.2.0:
    dependencies:
      chalk: 5.6.0
      cli-cursor: 5.0.0
      cli-spinners: 2.9.2
      is-interactive: 2.0.0
      is-unicode-supported: 2.1.0
      log-symbols: 6.0.0
      stdin-discarder: 0.2.2
      string-width: 7.2.0
      strip-ansi: 7.1.0

  path-parse@1.0.7: {}

  picocolors@1.1.1:
    optional: true

  picomatch@2.3.1: {}

  picomatch@4.0.3: {}

  pretty-bytes@5.6.0: {}

  queue-microtask@1.2.3: {}

  require-directory@2.1.1: {}

  resolve-pkg-maps@1.0.0: {}

  resolve@1.22.10:
    dependencies:
      is-core-module: 2.16.1
      path-parse: 1.0.7
      supports-preserve-symlinks-flag: 1.0.0

  restore-cursor@5.1.0:
    dependencies:
      onetime: 7.0.0
      signal-exit: 4.1.0

  reusify@1.1.0: {}

  rollup-plugin-dts@6.2.3(rollup@4.49.0)(typescript@5.9.2):
    dependencies:
      magic-string: 0.30.18
      rollup: 4.49.0
      typescript: 5.9.2
    optionalDependencies:
      '@babel/code-frame': 7.27.1

  rollup-plugin-swc3@0.11.2(@swc/core@1.13.5(@swc/helpers@0.5.17))(rollup@4.49.0):
    dependencies:
      '@fastify/deepmerge': 1.3.0
      '@rollup/pluginutils': 5.2.0(rollup@4.49.0)
      '@swc/core': 1.13.5(@swc/helpers@0.5.17)
      get-tsconfig: 4.10.1
      rollup: 4.49.0
      rollup-preserve-directives: 1.1.3(rollup@4.49.0)

  rollup-preserve-directives@1.1.3(rollup@4.49.0):
    dependencies:
      magic-string: 0.30.18
      rollup: 4.49.0

  rollup@4.49.0:
    dependencies:
      '@types/estree': 1.0.8
    optionalDependencies:
      '@rollup/rollup-android-arm-eabi': 4.49.0
      '@rollup/rollup-android-arm64': 4.49.0
      '@rollup/rollup-darwin-arm64': 4.49.0
      '@rollup/rollup-darwin-x64': 4.49.0
      '@rollup/rollup-freebsd-arm64': 4.49.0
      '@rollup/rollup-freebsd-x64': 4.49.0
      '@rollup/rollup-linux-arm-gnueabihf': 4.49.0
      '@rollup/rollup-linux-arm-musleabihf': 4.49.0
      '@rollup/rollup-linux-arm64-gnu': 4.49.0
      '@rollup/rollup-linux-arm64-musl': 4.49.0
      '@rollup/rollup-linux-loongarch64-gnu': 4.49.0
      '@rollup/rollup-linux-ppc64-gnu': 4.49.0
      '@rollup/rollup-linux-riscv64-gnu': 4.49.0
      '@rollup/rollup-linux-riscv64-musl': 4.49.0
      '@rollup/rollup-linux-s390x-gnu': 4.49.0
      '@rollup/rollup-linux-x64-gnu': 4.49.0
      '@rollup/rollup-linux-x64-musl': 4.49.0
      '@rollup/rollup-win32-arm64-msvc': 4.49.0
      '@rollup/rollup-win32-ia32-msvc': 4.49.0
      '@rollup/rollup-win32-x64-msvc': 4.49.0
      fsevents: 2.3.3

  run-parallel@1.2.0:
    dependencies:
      queue-microtask: 1.2.3

  signal-exit@4.1.0: {}

  source-map@0.6.1: {}

  stdin-discarder@0.2.2: {}

  string-width@4.2.3:
    dependencies:
      emoji-regex: 8.0.0
      is-fullwidth-code-point: 3.0.0
      strip-ansi: 6.0.1

  string-width@7.2.0:
    dependencies:
      emoji-regex: 10.5.0
      get-east-asian-width: 1.3.0
      strip-ansi: 7.1.0

  strip-ansi@6.0.1:
    dependencies:
      ansi-regex: 5.0.1

  strip-ansi@7.1.0:
    dependencies:
      ansi-regex: 6.2.0

  supports-preserve-symlinks-flag@1.0.0: {}

  to-regex-range@5.0.1:
    dependencies:
      is-number: 7.0.0

  tslib@2.8.1: {}

  typescript@5.9.2: {}

  wrap-ansi@7.0.0:
    dependencies:
      ansi-styles: 4.3.0
      string-width: 4.2.3
      strip-ansi: 6.0.1

  y18n@5.0.8: {}

  yargs-parser@21.1.1: {}

  yargs@17.7.2:
    dependencies:
      cliui: 8.0.1
      escalade: 3.2.0
      get-caller-file: 2.0.5
      require-directory: 2.1.1
      string-width: 4.2.3
      y18n: 5.0.8
      yargs-parser: 21.1.1
